
Microsoft Visual Studio Solution File, Format Version 12.00
# Visual Studio Version 16
VisualStudioVersion = 16.0.30320.27
MinimumVisualStudioVersion = 10.0.40219.1
Project("{FAE04EC0-301F-11D3-BF4B-00C04F79EFBC}") = "POOII_CL3_Rodríguez_León_Mitchell", "POOII_CL3_Rodríguez_León_Mitchell\POOII_CL3_Rodríguez_León_Mitchell.csproj", "{C34D3EA8-D21C-4A2A-97F0-322D034F7A2B}"
EndProject
Project("{2150E333-8FDC-42A3-9474-1A3956D46DE8}") = "Capas", "Capas", "{428054C0-CF73-4101-BBFA-AAE9200660D3}"
EndProject
Project("{2150E333-8FDC-42A3-9474-1A3956D46DE8}") = "1. Presentacion", "1. Presentacion", "{8E3A2E7C-863C-4F48-A288-1D340ECE4BB1}"
EndProject
Project("{2150E333-8FDC-42A3-9474-1A3956D46DE8}") = "2. Servicios", "2. Servicios", "{9F8946D0-C30F-47E9-B903-E81BF3F8DE15}"
EndProject
Project("{2150E333-8FDC-42A3-9474-1A3956D46DE8}") = "1.1 Web", "1.1 Web", "{1BC2F1FE-D7DA-45DF-AD67-779FCC479B05}"
EndProject
Project("{2150E333-8FDC-42A3-9474-1A3956D46DE8}") = "1.2 Movil", "1.2 Movil", "{9ABF54F5-B382-4C49-AF53-B693F9AAA3B5}"
EndProject
Project("{2150E333-8FDC-42A3-9474-1A3956D46DE8}") = "3. Aplicacion", "3. Aplicacion", "{37DE8679-7808-4328-A40F-BE9149780CD4}"
EndProject
Project("{2150E333-8FDC-42A3-9474-1A3956D46DE8}") = "4. Dominio", "4. Dominio", "{34930214-9AE2-4BC8-8573-24FB9B3B5463}"
EndProject
Project("{2150E333-8FDC-42A3-9474-1A3956D46DE8}") = "4.1 Entidades", "4.1 Entidades", "{51148D9F-EE4E-4B73-9D32-B87B874B07C3}"
EndProject
Project("{2150E333-8FDC-42A3-9474-1A3956D46DE8}") = "4.2 Negocio", "4.2 Negocio", "{781DD422-9936-42FC-BA2A-53279675E251}"
EndProject
Project("{2150E333-8FDC-42A3-9474-1A3956D46DE8}") = "5. Persistencia", "5. Persistencia", "{576D1842-CFE5-4844-8522-ACCA6818A553}"
EndProject
Project("{2150E333-8FDC-42A3-9474-1A3956D46DE8}") = "6. Infraestructura", "6. Infraestructura", "{9A0A6EE6-0CBB-4775-A245-3E70E24C57CC}"
EndProject
Project("{2150E333-8FDC-42A3-9474-1A3956D46DE8}") = "5.1 SqlServer", "5.1 SqlServer", "{9EAEFF1E-9A21-4EDE-B967-7A5F72B425BD}"
EndProject
Project("{FAE04EC0-301F-11D3-BF4B-00C04F79EFBC}") = "POOII_CL3.Entidades", "POOII_CL3.Entidades\POOII_CL3.Entidades.csproj", "{E8390311-032C-4859-9575-C0385E8D381E}"
EndProject
Project("{FAE04EC0-301F-11D3-BF4B-00C04F79EFBC}") = "POOII_CL3.ADOSqlServer", "POOII_CL3.ADOSqlServer\POOII_CL3.ADOSqlServer.csproj", "{A2674618-FE96-4A55-BA63-298A6D089CCA}"
EndProject
Project("{FAE04EC0-301F-11D3-BF4B-00C04F79EFBC}") = "POOII_CL3.Dominio", "POOII_CL3.Dominio\POOII_CL3.Dominio.csproj", "{FFE5B6A5-B847-4CFD-8DC3-14D1D481F4EA}"
EndProject
Project("{FAE04EC0-301F-11D3-BF4B-00C04F79EFBC}") = "POOII_CL3.Manager", "POOII_CL3.Manager\POOII_CL3.Manager.csproj", "{B178810A-1EAB-4934-BC16-1D68395E984B}"
EndProject
Global
	GlobalSection(SolutionConfigurationPlatforms) = preSolution
		Debug|Any CPU = Debug|Any CPU
		Release|Any CPU = Release|Any CPU
	EndGlobalSection
	GlobalSection(ProjectConfigurationPlatforms) = postSolution
		{C34D3EA8-D21C-4A2A-97F0-322D034F7A2B}.Debug|Any CPU.ActiveCfg = Debug|Any CPU
		{C34D3EA8-D21C-4A2A-97F0-322D034F7A2B}.Debug|Any CPU.Build.0 = Debug|Any CPU
		{C34D3EA8-D21C-4A2A-97F0-322D034F7A2B}.Release|Any CPU.ActiveCfg = Release|Any CPU
		{C34D3EA8-D21C-4A2A-97F0-322D034F7A2B}.Release|Any CPU.Build.0 = Release|Any CPU
		{E8390311-032C-4859-9575-C0385E8D381E}.Debug|Any CPU.ActiveCfg = Debug|Any CPU
		{E8390311-032C-4859-9575-C0385E8D381E}.Debug|Any CPU.Build.0 = Debug|Any CPU
		{E8390311-032C-4859-9575-C0385E8D381E}.Release|Any CPU.ActiveCfg = Release|Any CPU
		{E8390311-032C-4859-9575-C0385E8D381E}.Release|Any CPU.Build.0 = Release|Any CPU
		{A2674618-FE96-4A55-BA63-298A6D089CCA}.Debug|Any CPU.ActiveCfg = Debug|Any CPU
		{A2674618-FE96-4A55-BA63-298A6D089CCA}.Debug|Any CPU.Build.0 = Debug|Any CPU
		{A2674618-FE96-4A55-BA63-298A6D089CCA}.Release|Any CPU.ActiveCfg = Release|Any CPU
		{A2674618-FE96-4A55-BA63-298A6D089CCA}.Release|Any CPU.Build.0 = Release|Any CPU
		{FFE5B6A5-B847-4CFD-8DC3-14D1D481F4EA}.Debug|Any CPU.ActiveCfg = Debug|Any CPU
		{FFE5B6A5-B847-4CFD-8DC3-14D1D481F4EA}.Debug|Any CPU.Build.0 = Debug|Any CPU
		{FFE5B6A5-B847-4CFD-8DC3-14D1D481F4EA}.Release|Any CPU.ActiveCfg = Release|Any CPU
		{FFE5B6A5-B847-4CFD-8DC3-14D1D481F4EA}.Release|Any CPU.Build.0 = Release|Any CPU
		{B178810A-1EAB-4934-BC16-1D68395E984B}.Debug|Any CPU.ActiveCfg = Debug|Any CPU
		{B178810A-1EAB-4934-BC16-1D68395E984B}.Debug|Any CPU.Build.0 = Debug|Any CPU
		{B178810A-1EAB-4934-BC16-1D68395E984B}.Release|Any CPU.ActiveCfg = Release|Any CPU
		{B178810A-1EAB-4934-BC16-1D68395E984B}.Release|Any CPU.Build.0 = Release|Any CPU
	EndGlobalSection
	GlobalSection(SolutionProperties) = preSolution
		HideSolutionNode = FALSE
	EndGlobalSection
	GlobalSection(NestedProjects) = preSolution
		{C34D3EA8-D21C-4A2A-97F0-322D034F7A2B} = {1BC2F1FE-D7DA-45DF-AD67-779FCC479B05}
		{8E3A2E7C-863C-4F48-A288-1D340ECE4BB1} = {428054C0-CF73-4101-BBFA-AAE9200660D3}
		{9F8946D0-C30F-47E9-B903-E81BF3F8DE15} = {428054C0-CF73-4101-BBFA-AAE9200660D3}
		{1BC2F1FE-D7DA-45DF-AD67-779FCC479B05} = {8E3A2E7C-863C-4F48-A288-1D340ECE4BB1}
		{9ABF54F5-B382-4C49-AF53-B693F9AAA3B5} = {8E3A2E7C-863C-4F48-A288-1D340ECE4BB1}
		{37DE8679-7808-4328-A40F-BE9149780CD4} = {428054C0-CF73-4101-BBFA-AAE9200660D3}
		{34930214-9AE2-4BC8-8573-24FB9B3B5463} = {428054C0-CF73-4101-BBFA-AAE9200660D3}
		{51148D9F-EE4E-4B73-9D32-B87B874B07C3} = {34930214-9AE2-4BC8-8573-24FB9B3B5463}
		{781DD422-9936-42FC-BA2A-53279675E251} = {34930214-9AE2-4BC8-8573-24FB9B3B5463}
		{576D1842-CFE5-4844-8522-ACCA6818A553} = {428054C0-CF73-4101-BBFA-AAE9200660D3}
		{9A0A6EE6-0CBB-4775-A245-3E70E24C57CC} = {428054C0-CF73-4101-BBFA-AAE9200660D3}
		{9EAEFF1E-9A21-4EDE-B967-7A5F72B425BD} = {576D1842-CFE5-4844-8522-ACCA6818A553}
		{E8390311-032C-4859-9575-C0385E8D381E} = {51148D9F-EE4E-4B73-9D32-B87B874B07C3}
		{A2674618-FE96-4A55-BA63-298A6D089CCA} = {9EAEFF1E-9A21-4EDE-B967-7A5F72B425BD}
		{FFE5B6A5-B847-4CFD-8DC3-14D1D481F4EA} = {781DD422-9936-42FC-BA2A-53279675E251}
		{B178810A-1EAB-4934-BC16-1D68395E984B} = {37DE8679-7808-4328-A40F-BE9149780CD4}
	EndGlobalSection
	GlobalSection(ExtensibilityGlobals) = postSolution
		SolutionGuid = {855CD0B3-AF55-4378-AD9D-E8C3A36B9240}
	EndGlobalSection
EndGlobal
